
Microsoft Visual Studio Solution File, Format Version 10.00
# Visual Studio 2008
Project("{F184B08F-C81C-45F6-A57F-5ABD9991F28F}") = "SAFETY", "SAFETY.vbproj", "{98FC9931-53A7-4CF9-B911-05685F3B85BE}"
EndProject
Project("{F184B08F-C81C-45F6-A57F-5ABD9991F28F}") = "SafetyPlanModule", "..\SafetyPlanModule\SafetyPlanModule\SafetyPlanModule.vbproj", "{D3EDCF52-D2F6-4C7B-AA01-44343B927978}"
EndProject
Global
	GlobalSection(SolutionConfigurationPlatforms) = preSolution
		Debug|Any CPU = Debug|Any CPU
		Debug|x64 = Debug|x64
		Release|Any CPU = Release|Any CPU
		Release|x64 = Release|x64
	EndGlobalSection
	GlobalSection(ProjectConfigurationPlatforms) = postSolution
		{98FC9931-53A7-4CF9-B911-05685F3B85BE}.Debug|Any CPU.ActiveCfg = Debug|Any CPU
		{98FC9931-53A7-4CF9-B911-05685F3B85BE}.Debug|Any CPU.Build.0 = Debug|Any CPU
		{98FC9931-53A7-4CF9-B911-05685F3B85BE}.Debug|x64.ActiveCfg = Debug|x64
		{98FC9931-53A7-4CF9-B911-05685F3B85BE}.Debug|x64.Build.0 = Debug|x64
		{98FC9931-53A7-4CF9-B911-05685F3B85BE}.Release|Any CPU.ActiveCfg = Release|Any CPU
		{98FC9931-53A7-4CF9-B911-05685F3B85BE}.Release|Any CPU.Build.0 = Release|Any CPU
		{98FC9931-53A7-4CF9-B911-05685F3B85BE}.Release|x64.ActiveCfg = Release|x64
		{98FC9931-53A7-4CF9-B911-05685F3B85BE}.Release|x64.Build.0 = Release|x64
		{D3EDCF52-D2F6-4C7B-AA01-44343B927978}.Debug|Any CPU.ActiveCfg = Debug|Any CPU
		{D3EDCF52-D2F6-4C7B-AA01-44343B927978}.Debug|Any CPU.Build.0 = Debug|Any CPU
		{D3EDCF52-D2F6-4C7B-AA01-44343B927978}.Debug|x64.ActiveCfg = Debug|Any CPU
		{D3EDCF52-D2F6-4C7B-AA01-44343B927978}.Release|Any CPU.ActiveCfg = Release|Any CPU
		{D3EDCF52-D2F6-4C7B-AA01-44343B927978}.Release|Any CPU.Build.0 = Release|Any CPU
		{D3EDCF52-D2F6-4C7B-AA01-44343B927978}.Release|x64.ActiveCfg = Release|Any CPU
	EndGlobalSection
	GlobalSection(SolutionProperties) = preSolution
		HideSolutionNode = FALSE
	EndGlobalSection
EndGlobal
